
Microsoft Visual Studio Solution File, Format Version 12.00
# Visual Studio Version 17
VisualStudioVersion = 17.14.36429.23 d17.14
MinimumVisualStudioVersion = 10.0.40219.1
Project("{FAE04EC0-301F-11D3-BF4B-00C04F79EFBC}") = "EF_CodeFirst", "EF_CodeFirst\EF_CodeFirst.csproj", "{5910D5A1-878D-409B-953D-50B6B155C6A5}"
EndProject
Global
	GlobalSection(SolutionConfigurationPlatforms) = preSolution
		Debug|Any CPU = Debug|Any CPU
		Release|Any CPU = Release|Any CPU
	EndGlobalSection
	GlobalSection(ProjectConfigurationPlatforms) = postSolution
		{5910D5A1-878D-409B-953D-50B6B155C6A5}.Debug|Any CPU.ActiveCfg = Debug|Any CPU
		{5910D5A1-878D-409B-953D-50B6B155C6A5}.Debug|Any CPU.Build.0 = Debug|Any CPU
		{5910D5A1-878D-409B-953D-50B6B155C6A5}.Release|Any CPU.ActiveCfg = Release|Any CPU
		{5910D5A1-878D-409B-953D-50B6B155C6A5}.Release|Any CPU.Build.0 = Release|Any CPU
	EndGlobalSection
	GlobalSection(SolutionProperties) = preSolution
		HideSolutionNode = FALSE
	EndGlobalSection
	GlobalSection(ExtensibilityGlobals) = postSolution
		SolutionGuid = {26BC176E-68A1-4A20-B257-0BA3C1C3EF71}
	EndGlobalSection
EndGlobal
